
Microsoft Visual Studio Solution File, Format Version 12.00
# Visual Studio Version 16
VisualStudioVersion = 16.0.29318.209
MinimumVisualStudioVersion = 10.0.40219.1
Project("{9A19103F-16F7-4668-BE54-9A1E7A4F7556}") = "Gearbox", "Gearbox\Gearbox.csproj", "{03D973DE-8EEC-4AD8-BD67-2DA8A2232140}"
EndProject
Project("{9A19103F-16F7-4668-BE54-9A1E7A4F7556}") = "Gearbox.Sdk", "Gearbox.Sdk\Gearbox.Sdk.csproj", "{97F8CF83-6310-4143-9925-5C8F690E4D75}"
EndProject
Project("{9A19103F-16F7-4668-BE54-9A1E7A4F7556}") = "Gearbox.Shared", "Gearbox.Shared\Gearbox.Shared.csproj", "{4B603DB4-C9A9-4923-8B5D-969445F001FC}"
EndProject
Project("{9A19103F-16F7-4668-BE54-9A1E7A4F7556}") = "Gearbox.Formats", "Gearbox.Formats\Gearbox.Formats.csproj", "{7A6CC77F-3041-420F-B53B-2BE34DFCD038}"
EndProject
Project("{9A19103F-16F7-4668-BE54-9A1E7A4F7556}") = "Gearbox.Installers", "Gearbox.Installers\Gearbox.Installers.csproj", "{6FE46E91-1902-452D-AF0F-0A35FBECCA95}"
EndProject
Project("{9A19103F-16F7-4668-BE54-9A1E7A4F7556}") = "Gearbox.SystemHandle", "Gearbox.SystemHandle\Gearbox.SystemHandle.csproj", "{9E406288-47E2-4DA1-8F0E-B759E641F14B}"
EndProject
Project("{9A19103F-16F7-4668-BE54-9A1E7A4F7556}") = "Gearbox.Managers", "Gearbox.Managers\Gearbox.Managers.csproj", "{09A101BD-2521-4D64-8501-6C23998A4EF9}"
EndProject
Project("{9A19103F-16F7-4668-BE54-9A1E7A4F7556}") = "Gearbox.SystemHandle.Tests", "Gearbox.SystemHandle.Tests\Gearbox.SystemHandle.Tests.csproj", "{2B7E90D3-99B9-4C11-B7C0-D91DDA3879A2}"
EndProject
Project("{2150E333-8FDC-42A3-9474-1A3956D46DE8}") = "Tests", "Tests", "{8B57EDD0-C45B-482A-9F66-A7A3CF861B25}"
EndProject
Project("{FAE04EC0-301F-11D3-BF4B-00C04F79EFBC}") = "Gearbox.Assets", "Gearbox.Assets\Gearbox.Assets.csproj", "{4BDAC0A8-7E96-418C-84E0-B0678CF2F45F}"
EndProject
Project("{FAE04EC0-301F-11D3-BF4B-00C04F79EFBC}") = "Gearbox.Assets.Tests", "Gearbox.Assets.Tests\Gearbox.Assets.Tests.csproj", "{C21CB120-8BD5-479A-8641-848520AAD2B7}"
EndProject
Global
	GlobalSection(SolutionConfigurationPlatforms) = preSolution
		Debug|Any CPU = Debug|Any CPU
		Release|Any CPU = Release|Any CPU
	EndGlobalSection
	GlobalSection(ProjectConfigurationPlatforms) = postSolution
		{03D973DE-8EEC-4AD8-BD67-2DA8A2232140}.Debug|Any CPU.ActiveCfg = Debug|Any CPU
		{03D973DE-8EEC-4AD8-BD67-2DA8A2232140}.Debug|Any CPU.Build.0 = Debug|Any CPU
		{03D973DE-8EEC-4AD8-BD67-2DA8A2232140}.Release|Any CPU.ActiveCfg = Release|Any CPU
		{03D973DE-8EEC-4AD8-BD67-2DA8A2232140}.Release|Any CPU.Build.0 = Release|Any CPU
		{97F8CF83-6310-4143-9925-5C8F690E4D75}.Debug|Any CPU.ActiveCfg = Debug|Any CPU
		{97F8CF83-6310-4143-9925-5C8F690E4D75}.Debug|Any CPU.Build.0 = Debug|Any CPU
		{97F8CF83-6310-4143-9925-5C8F690E4D75}.Release|Any CPU.ActiveCfg = Release|Any CPU
		{97F8CF83-6310-4143-9925-5C8F690E4D75}.Release|Any CPU.Build.0 = Release|Any CPU
		{4B603DB4-C9A9-4923-8B5D-969445F001FC}.Debug|Any CPU.ActiveCfg = Debug|Any CPU
		{4B603DB4-C9A9-4923-8B5D-969445F001FC}.Debug|Any CPU.Build.0 = Debug|Any CPU
		{4B603DB4-C9A9-4923-8B5D-969445F001FC}.Release|Any CPU.ActiveCfg = Release|Any CPU
		{4B603DB4-C9A9-4923-8B5D-969445F001FC}.Release|Any CPU.Build.0 = Release|Any CPU
		{7A6CC77F-3041-420F-B53B-2BE34DFCD038}.Debug|Any CPU.ActiveCfg = Debug|Any CPU
		{7A6CC77F-3041-420F-B53B-2BE34DFCD038}.Debug|Any CPU.Build.0 = Debug|Any CPU
		{7A6CC77F-3041-420F-B53B-2BE34DFCD038}.Release|Any CPU.ActiveCfg = Release|Any CPU
		{7A6CC77F-3041-420F-B53B-2BE34DFCD038}.Release|Any CPU.Build.0 = Release|Any CPU
		{6FE46E91-1902-452D-AF0F-0A35FBECCA95}.Debug|Any CPU.ActiveCfg = Debug|Any CPU
		{6FE46E91-1902-452D-AF0F-0A35FBECCA95}.Debug|Any CPU.Build.0 = Debug|Any CPU
		{6FE46E91-1902-452D-AF0F-0A35FBECCA95}.Release|Any CPU.ActiveCfg = Release|Any CPU
		{6FE46E91-1902-452D-AF0F-0A35FBECCA95}.Release|Any CPU.Build.0 = Release|Any CPU
		{9E406288-47E2-4DA1-8F0E-B759E641F14B}.Debug|Any CPU.ActiveCfg = Debug|Any CPU
		{9E406288-47E2-4DA1-8F0E-B759E641F14B}.Debug|Any CPU.Build.0 = Debug|Any CPU
		{9E406288-47E2-4DA1-8F0E-B759E641F14B}.Release|Any CPU.ActiveCfg = Release|Any CPU
		{9E406288-47E2-4DA1-8F0E-B759E641F14B}.Release|Any CPU.Build.0 = Release|Any CPU
		{09A101BD-2521-4D64-8501-6C23998A4EF9}.Debug|Any CPU.ActiveCfg = Debug|Any CPU
		{09A101BD-2521-4D64-8501-6C23998A4EF9}.Debug|Any CPU.Build.0 = Debug|Any CPU
		{09A101BD-2521-4D64-8501-6C23998A4EF9}.Release|Any CPU.ActiveCfg = Release|Any CPU
		{09A101BD-2521-4D64-8501-6C23998A4EF9}.Release|Any CPU.Build.0 = Release|Any CPU
		{2B7E90D3-99B9-4C11-B7C0-D91DDA3879A2}.Debug|Any CPU.ActiveCfg = Debug|Any CPU
		{2B7E90D3-99B9-4C11-B7C0-D91DDA3879A2}.Debug|Any CPU.Build.0 = Debug|Any CPU
		{2B7E90D3-99B9-4C11-B7C0-D91DDA3879A2}.Release|Any CPU.ActiveCfg = Release|Any CPU
		{2B7E90D3-99B9-4C11-B7C0-D91DDA3879A2}.Release|Any CPU.Build.0 = Release|Any CPU
		{4BDAC0A8-7E96-418C-84E0-B0678CF2F45F}.Debug|Any CPU.ActiveCfg = Debug|Any CPU
		{4BDAC0A8-7E96-418C-84E0-B0678CF2F45F}.Debug|Any CPU.Build.0 = Debug|Any CPU
		{4BDAC0A8-7E96-418C-84E0-B0678CF2F45F}.Release|Any CPU.ActiveCfg = Release|Any CPU
		{4BDAC0A8-7E96-418C-84E0-B0678CF2F45F}.Release|Any CPU.Build.0 = Release|Any CPU
		{C21CB120-8BD5-479A-8641-848520AAD2B7}.Debug|Any CPU.ActiveCfg = Debug|Any CPU
		{C21CB120-8BD5-479A-8641-848520AAD2B7}.Debug|Any CPU.Build.0 = Debug|Any CPU
		{C21CB120-8BD5-479A-8641-848520AAD2B7}.Release|Any CPU.ActiveCfg = Release|Any CPU
		{C21CB120-8BD5-479A-8641-848520AAD2B7}.Release|Any CPU.Build.0 = Release|Any CPU
	EndGlobalSection
	GlobalSection(SolutionProperties) = preSolution
		HideSolutionNode = FALSE
	EndGlobalSection
	GlobalSection(NestedProjects) = preSolution
		{2B7E90D3-99B9-4C11-B7C0-D91DDA3879A2} = {8B57EDD0-C45B-482A-9F66-A7A3CF861B25}
		{C21CB120-8BD5-479A-8641-848520AAD2B7} = {8B57EDD0-C45B-482A-9F66-A7A3CF861B25}
	EndGlobalSection
	GlobalSection(ExtensibilityGlobals) = postSolution
		SolutionGuid = {D7764860-5699-4150-8549-6A3BDF176297}
	EndGlobalSection
EndGlobal
